
Microsoft Visual Studio Solution File, Format Version 12.00
# Visual Studio 15
VisualStudioVersion = 15.0.27428.2015
MinimumVisualStudioVersion = 10.0.40219.1
Project("{FAE04EC0-301F-11D3-BF4B-00C04F79EFBC}") = "WakeHost", "WakeHost\WakeHost.csproj", "{B544E4D1-D855-4F40-8732-1E7F256B9463}"
EndProject
Global
	GlobalSection(SolutionConfigurationPlatforms) = preSolution
		Debug|Any CPU = Debug|Any CPU
		Release|Any CPU = Release|Any CPU
	EndGlobalSection
	GlobalSection(ProjectConfigurationPlatforms) = postSolution
		{B544E4D1-D855-4F40-8732-1E7F256B9463}.Debug|Any CPU.ActiveCfg = Debug|Any CPU
		{B544E4D1-D855-4F40-8732-1E7F256B9463}.Debug|Any CPU.Build.0 = Debug|Any CPU
		{B544E4D1-D855-4F40-8732-1E7F256B9463}.Release|Any CPU.ActiveCfg = Release|Any CPU
		{B544E4D1-D855-4F40-8732-1E7F256B9463}.Release|Any CPU.Build.0 = Release|Any CPU
	EndGlobalSection
	GlobalSection(SolutionProperties) = preSolution
		HideSolutionNode = FALSE
	EndGlobalSection
	GlobalSection(ExtensibilityGlobals) = postSolution
		SolutionGuid = {BEE3608E-9CCA-42EF-B17E-2259FB9BD7F1}
	EndGlobalSection
EndGlobal
